
Microsoft Visual Studio Solution File, Format Version 12.00
# Visual Studio Version 17
VisualStudioVersion = 17.7.34024.191
MinimumVisualStudioVersion = 10.0.40219.1
Project("{9A19103F-16F7-4668-BE54-9A1E7A4F7556}") = "BooksRepositoryLibrary", "BooksRepositoryLibrary\BooksRepositoryLibrary.csproj", "{9945AF87-137C-43A7-9BA2-E489AF8A2585}"
EndProject
Project("{FAE04EC0-301F-11D3-BF4B-00C04F79EFBC}") = "BookUnitTests", "BookUnitTests\BookUnitTests.csproj", "{160700D6-AD25-4FFE-BD41-E5D081A00B1F}"
EndProject
Global
	GlobalSection(SolutionConfigurationPlatforms) = preSolution
		Debug|Any CPU = Debug|Any CPU
		Release|Any CPU = Release|Any CPU
	EndGlobalSection
	GlobalSection(ProjectConfigurationPlatforms) = postSolution
		{9945AF87-137C-43A7-9BA2-E489AF8A2585}.Debug|Any CPU.ActiveCfg = Debug|Any CPU
		{9945AF87-137C-43A7-9BA2-E489AF8A2585}.Debug|Any CPU.Build.0 = Debug|Any CPU
		{9945AF87-137C-43A7-9BA2-E489AF8A2585}.Release|Any CPU.ActiveCfg = Release|Any CPU
		{9945AF87-137C-43A7-9BA2-E489AF8A2585}.Release|Any CPU.Build.0 = Release|Any CPU
		{160700D6-AD25-4FFE-BD41-E5D081A00B1F}.Debug|Any CPU.ActiveCfg = Debug|Any CPU
		{160700D6-AD25-4FFE-BD41-E5D081A00B1F}.Debug|Any CPU.Build.0 = Debug|Any CPU
		{160700D6-AD25-4FFE-BD41-E5D081A00B1F}.Release|Any CPU.ActiveCfg = Release|Any CPU
		{160700D6-AD25-4FFE-BD41-E5D081A00B1F}.Release|Any CPU.Build.0 = Release|Any CPU
	EndGlobalSection
	GlobalSection(SolutionProperties) = preSolution
		HideSolutionNode = FALSE
	EndGlobalSection
	GlobalSection(ExtensibilityGlobals) = postSolution
		SolutionGuid = {772D814D-45E3-4472-8FAD-6B7A7361D001}
	EndGlobalSection
EndGlobal
